<?xml version="1.0" encoding="utf-8"?>
<Project ToolsVersion="4.0" xmlns="http://schemas.microsoft.com/developer/msbuild/2003">
  <ItemGroup>
    <Filter Include="소스 파일">
      <UniqueIdentifier>{4FC737F1-C7A5-4376-A066-2A32D752A2FF}</UniqueIdentifier>
      <Extensions>cpp;c;cc;cxx;def;odl;idl;hpj;bat;asm;asmx</Extensions>
    </Filter>
    <Filter Include="헤더 파일">
      <UniqueIdentifier>{93995380-89BD-4b04-88EB-625FBE52EBFB}</UniqueIdentifier>
      <Extensions>h;hh;hpp;hxx;hm;inl;inc;ipp;xsd</Extensions>
    </Filter>
    <Filter Include="리소스 파일">
      <UniqueIdentifier>{67DA6AB6-F800-4c08-8B7A-83BB121AAD01}</UniqueIdentifier>
      <Extensions>rc;ico;cur;bmp;dlg;rc2;rct;bin;rgs;gif;jpg;jpeg;jpe;resx;tiff;tif;png;wav;mfcribbon-ms</Extensions>
    </Filter>
    <Filter Include="소스 파일\Greedy">
      <UniqueIdentifier>{d6df3d1b-a244-493c-9896-5a9bf41f79c7}</UniqueIdentifier>
    </Filter>
    <Filter Include="소스 파일\DinamicProgramming">
      <UniqueIdentifier>{d397eb3a-a3dd-4875-ae9a-45d43ef1a696}</UniqueIdentifier>
    </Filter>
    <Filter Include="소스 파일\BruteForce">
      <UniqueIdentifier>{160f0259-b104-4938-b87a-f07b427cdc5b}</UniqueIdentifier>
    </Filter>
    <Filter Include="소스 파일\Math">
      <UniqueIdentifier>{a992a844-ff2c-4df8-be82-7d3807d1a5d1}</UniqueIdentifier>
    </Filter>
    <Filter Include="소스 파일\DFS&amp;BFS">
      <UniqueIdentifier>{3d7f65b1-32d2-4162-a2fd-776aa1b4bb6d}</UniqueIdentifier>
    </Filter>
  </ItemGroup>
  <ItemGroup>
    <ClCompile Include="Greedy_2839.cpp">
      <Filter>소스 파일\Greedy</Filter>
    </ClCompile>
    <ClCompile Include="Greedy_11399.cpp">
      <Filter>소스 파일\Greedy</Filter>
    </ClCompile>
    <ClCompile Include="Greedy_5585.cpp">
      <Filter>소스 파일\Greedy</Filter>
    </ClCompile>
    <ClCompile Include="Greedy_4796.cpp">
      <Filter>소스 파일\Greedy</Filter>
    </ClCompile>
    <ClCompile Include="DP_1003.cpp">
      <Filter>소스 파일\DinamicProgramming</Filter>
    </ClCompile>
    <ClCompile Include="DP_10870.cpp">
      <Filter>소스 파일\DinamicProgramming</Filter>
    </ClCompile>
    <ClCompile Include="DP_11726.cpp">
      <Filter>소스 파일\DinamicProgramming</Filter>
    </ClCompile>
    <ClCompile Include="DP_2748.cpp">
      <Filter>소스 파일\DinamicProgramming</Filter>
    </ClCompile>
    <ClCompile Include="DP_9251.cpp">
      <Filter>소스 파일\DinamicProgramming</Filter>
    </ClCompile>
    <ClCompile Include="DP_2133.cpp">
      <Filter>소스 파일\DinamicProgramming</Filter>
    </ClCompile>
    <ClCompile Include="BF_1065.cpp">
      <Filter>소스 파일\BruteForce</Filter>
    </ClCompile>
    <ClCompile Include="BF_2309.cpp">
      <Filter>소스 파일\BruteForce</Filter>
    </ClCompile>
    <ClCompile Include="Math_10430.cpp">
      <Filter>소스 파일\Math</Filter>
    </ClCompile>
    <ClCompile Include="Math_2609.cpp">
      <Filter>소스 파일\Math</Filter>
    </ClCompile>
    <ClCompile Include="DFS_BFS_1260.cpp">
      <Filter>소스 파일\DFS&amp;BFS</Filter>
    </ClCompile>
    <ClCompile Include="BFS_2178.cpp">
      <Filter>소스 파일\DFS&amp;BFS</Filter>
    </ClCompile>
    <ClCompile Include="DP_1463.cpp">
      <Filter>소스 파일\DinamicProgramming</Filter>
    </ClCompile>
    <ClCompile Include="DP_2579.cpp">
      <Filter>소스 파일\DinamicProgramming</Filter>
    </ClCompile>
    <ClCompile Include="DFS_BFS_2667.cpp">
      <Filter>소스 파일\DFS&amp;BFS</Filter>
    </ClCompile>
  </ItemGroup>
</Project>